
Microsoft Visual Studio Solution File, Format Version 12.00
# Visual Studio Version 16
VisualStudioVersion = 16.0.30611.23
MinimumVisualStudioVersion = 10.0.40219.1
Project("{FAE04EC0-301F-11D3-BF4B-00C04F79EFBC}") = "SimpleCalculator", "SimpleCalculator\SimpleCalculator.csproj", "{5541E998-0F35-4826-894F-5AA2290529D6}"
EndProject
Global
	GlobalSection(SolutionConfigurationPlatforms) = preSolution
		Debug|Any CPU = Debug|Any CPU
		Release|Any CPU = Release|Any CPU
	EndGlobalSection
	GlobalSection(ProjectConfigurationPlatforms) = postSolution
		{5541E998-0F35-4826-894F-5AA2290529D6}.Debug|Any CPU.ActiveCfg = Debug|Any CPU
		{5541E998-0F35-4826-894F-5AA2290529D6}.Debug|Any CPU.Build.0 = Debug|Any CPU
		{5541E998-0F35-4826-894F-5AA2290529D6}.Release|Any CPU.ActiveCfg = Release|Any CPU
		{5541E998-0F35-4826-894F-5AA2290529D6}.Release|Any CPU.Build.0 = Release|Any CPU
	EndGlobalSection
	GlobalSection(SolutionProperties) = preSolution
		HideSolutionNode = FALSE
	EndGlobalSection
	GlobalSection(ExtensibilityGlobals) = postSolution
		SolutionGuid = {A222AB8A-409B-4489-BD48-9395E47A38E9}
	EndGlobalSection
EndGlobal
