
Microsoft Visual Studio Solution File, Format Version 12.00
# Visual Studio Version 17
VisualStudioVersion = 17.0.32014.148
MinimumVisualStudioVersion = 10.0.40219.1
Project("{9A19103F-16F7-4668-BE54-9A1E7A4F7556}") = "Lab1", "Lab1\Lab1.csproj", "{0E505D7C-6B91-4494-8A97-1CD951D4F56B}"
EndProject
Project("{FAE04EC0-301F-11D3-BF4B-00C04F79EFBC}") = "Lab2", "Lab2\Lab2.csproj", "{F5B03925-338A-4B90-83EB-B2E7EB08C2FA}"
EndProject
Project("{9A19103F-16F7-4668-BE54-9A1E7A4F7556}") = "LB1", "LB1\LB1.csproj", "{C605205A-5200-4001-B671-1843377082F3}"
EndProject
Project("{9A19103F-16F7-4668-BE54-9A1E7A4F7556}") = "LB7", "LB7\LB7.csproj", "{8263B318-C48E-41DF-BA04-EF3F3469335F}"
EndProject
Project("{FAE04EC0-301F-11D3-BF4B-00C04F79EFBC}") = "PrefixVsPostfix", "PrefixVsPostfix\PrefixVsPostfix.csproj", "{DD8F5682-0D20-4E0C-AB09-19A422D683F5}"
EndProject
Global
	GlobalSection(SolutionConfigurationPlatforms) = preSolution
		Debug|Any CPU = Debug|Any CPU
		Release|Any CPU = Release|Any CPU
	EndGlobalSection
	GlobalSection(ProjectConfigurationPlatforms) = postSolution
		{0E505D7C-6B91-4494-8A97-1CD951D4F56B}.Debug|Any CPU.ActiveCfg = Debug|Any CPU
		{0E505D7C-6B91-4494-8A97-1CD951D4F56B}.Debug|Any CPU.Build.0 = Debug|Any CPU
		{0E505D7C-6B91-4494-8A97-1CD951D4F56B}.Release|Any CPU.ActiveCfg = Release|Any CPU
		{0E505D7C-6B91-4494-8A97-1CD951D4F56B}.Release|Any CPU.Build.0 = Release|Any CPU
		{F5B03925-338A-4B90-83EB-B2E7EB08C2FA}.Debug|Any CPU.ActiveCfg = Debug|Any CPU
		{F5B03925-338A-4B90-83EB-B2E7EB08C2FA}.Debug|Any CPU.Build.0 = Debug|Any CPU
		{F5B03925-338A-4B90-83EB-B2E7EB08C2FA}.Release|Any CPU.ActiveCfg = Release|Any CPU
		{F5B03925-338A-4B90-83EB-B2E7EB08C2FA}.Release|Any CPU.Build.0 = Release|Any CPU
		{C605205A-5200-4001-B671-1843377082F3}.Debug|Any CPU.ActiveCfg = Debug|Any CPU
		{C605205A-5200-4001-B671-1843377082F3}.Debug|Any CPU.Build.0 = Debug|Any CPU
		{C605205A-5200-4001-B671-1843377082F3}.Release|Any CPU.ActiveCfg = Release|Any CPU
		{C605205A-5200-4001-B671-1843377082F3}.Release|Any CPU.Build.0 = Release|Any CPU
		{8263B318-C48E-41DF-BA04-EF3F3469335F}.Debug|Any CPU.ActiveCfg = Debug|Any CPU
		{8263B318-C48E-41DF-BA04-EF3F3469335F}.Debug|Any CPU.Build.0 = Debug|Any CPU
		{8263B318-C48E-41DF-BA04-EF3F3469335F}.Release|Any CPU.ActiveCfg = Release|Any CPU
		{8263B318-C48E-41DF-BA04-EF3F3469335F}.Release|Any CPU.Build.0 = Release|Any CPU
		{DD8F5682-0D20-4E0C-AB09-19A422D683F5}.Debug|Any CPU.ActiveCfg = Debug|Any CPU
		{DD8F5682-0D20-4E0C-AB09-19A422D683F5}.Debug|Any CPU.Build.0 = Debug|Any CPU
		{DD8F5682-0D20-4E0C-AB09-19A422D683F5}.Release|Any CPU.ActiveCfg = Release|Any CPU
		{DD8F5682-0D20-4E0C-AB09-19A422D683F5}.Release|Any CPU.Build.0 = Release|Any CPU
	EndGlobalSection
	GlobalSection(SolutionProperties) = preSolution
		HideSolutionNode = FALSE
	EndGlobalSection
	GlobalSection(ExtensibilityGlobals) = postSolution
		SolutionGuid = {34152C56-72A8-4516-8FA8-7DF9B526F972}
	EndGlobalSection
EndGlobal
